
Microsoft Visual Studio Solution File, Format Version 12.00
# Visual Studio Version 16
VisualStudioVersion = 16.0.30114.105
MinimumVisualStudioVersion = 10.0.40219.1
Project("{FAE04EC0-301F-11D3-BF4B-00C04F79EFBC}") = "CarsApi", "CarsApi\CarsApi.csproj", "{091A4347-63BE-4F38-B44E-F593B3947DB0}"
EndProject
Project("{FAE04EC0-301F-11D3-BF4B-00C04F79EFBC}") = "CarsLib", "CarsLib\CarsLib.csproj", "{9C3D5F15-74AE-4842-B5BA-201840CA492E}"
EndProject
Global
	GlobalSection(SolutionConfigurationPlatforms) = preSolution
		Debug|Any CPU = Debug|Any CPU
		Release|Any CPU = Release|Any CPU
	EndGlobalSection
	GlobalSection(SolutionProperties) = preSolution
		HideSolutionNode = FALSE
	EndGlobalSection
	GlobalSection(ProjectConfigurationPlatforms) = postSolution
		{091A4347-63BE-4F38-B44E-F593B3947DB0}.Debug|Any CPU.ActiveCfg = Debug|Any CPU
		{091A4347-63BE-4F38-B44E-F593B3947DB0}.Debug|Any CPU.Build.0 = Debug|Any CPU
		{091A4347-63BE-4F38-B44E-F593B3947DB0}.Release|Any CPU.ActiveCfg = Release|Any CPU
		{091A4347-63BE-4F38-B44E-F593B3947DB0}.Release|Any CPU.Build.0 = Release|Any CPU
		{9C3D5F15-74AE-4842-B5BA-201840CA492E}.Debug|Any CPU.ActiveCfg = Debug|Any CPU
		{9C3D5F15-74AE-4842-B5BA-201840CA492E}.Debug|Any CPU.Build.0 = Debug|Any CPU
		{9C3D5F15-74AE-4842-B5BA-201840CA492E}.Release|Any CPU.ActiveCfg = Release|Any CPU
		{9C3D5F15-74AE-4842-B5BA-201840CA492E}.Release|Any CPU.Build.0 = Release|Any CPU
	EndGlobalSection
EndGlobal
